
Microsoft Visual Studio Solution File, Format Version 12.00
# Visual Studio 15
Project("{FAE04EC0-301F-11D3-BF4B-00C04F79EFBC}") = "UnityEngine.TestRunner", "UnityEngine.TestRunner.csproj", "{FE0D5AD4-B11F-2EC4-B08D-49FDA6BAAEBE}"
EndProject
Project("{FAE04EC0-301F-11D3-BF4B-00C04F79EFBC}") = "UnityEngine.UI", "UnityEngine.UI.csproj", "{8294B3DE-F467-B3CF-41B6-0464B24876C9}"
EndProject
Project("{FAE04EC0-301F-11D3-BF4B-00C04F79EFBC}") = "Unity.TextMeshPro", "Unity.TextMeshPro.csproj", "{5FEC4B7A-29E5-3F89-5CD6-2C69604BFD0E}"
EndProject
Project("{FAE04EC0-301F-11D3-BF4B-00C04F79EFBC}") = "Unity.Timeline", "Unity.Timeline.csproj", "{A71EC855-F854-114B-DECB-2BA8CE831942}"
EndProject
Project("{FAE04EC0-301F-11D3-BF4B-00C04F79EFBC}") = "Assembly-CSharp", "Assembly-CSharp.csproj", "{571C30F1-44C5-741D-9F5A-9651B104A4BA}"
EndProject
Project("{FAE04EC0-301F-11D3-BF4B-00C04F79EFBC}") = "Unity.TextMeshPro.Editor", "Unity.TextMeshPro.Editor.csproj", "{DCB85BED-D4DD-3485-EFB9-AC7EA91C2E94}"
EndProject
Project("{FAE04EC0-301F-11D3-BF4B-00C04F79EFBC}") = "Unity.Timeline.Editor", "Unity.Timeline.Editor.csproj", "{8F992AF4-6B58-5F75-A68D-26B95BFC206E}"
EndProject
Project("{FAE04EC0-301F-11D3-BF4B-00C04F79EFBC}") = "UnityEditor.TestRunner", "UnityEditor.TestRunner.csproj", "{115944FF-1F4D-ECBC-13C6-45BDEEF0CC6F}"
EndProject
Project("{FAE04EC0-301F-11D3-BF4B-00C04F79EFBC}") = "UnityEditor.UI", "UnityEditor.UI.csproj", "{158746B9-4D35-FCA8-E8E4-1B499F2E0374}"
EndProject
Project("{FAE04EC0-301F-11D3-BF4B-00C04F79EFBC}") = "Unity.Rider.Editor", "Unity.Rider.Editor.csproj", "{FCFFEC2F-03DD-6D6E-30EB-7F1539DFC23D}"
EndProject
Project("{FAE04EC0-301F-11D3-BF4B-00C04F79EFBC}") = "Unity.CollabProxy.Editor", "Unity.CollabProxy.Editor.csproj", "{96BF7A13-86AE-93E9-A840-ADAEA0CF655F}"
EndProject
Project("{FAE04EC0-301F-11D3-BF4B-00C04F79EFBC}") = "Unity.VSCode.Editor", "Unity.VSCode.Editor.csproj", "{9B018512-F2DF-E93A-481E-E7C5D12B023B}"
EndProject
Global
	GlobalSection(SolutionConfigurationPlatforms) = preSolution
		Debug|Any CPU = Debug|Any CPU
		Release|Any CPU = Release|Any CPU
	EndGlobalSection
	GlobalSection(ProjectConfigurationPlatforms) = postSolution
		{FE0D5AD4-B11F-2EC4-B08D-49FDA6BAAEBE}.Debug|Any CPU.ActiveCfg = Debug|Any CPU
		{FE0D5AD4-B11F-2EC4-B08D-49FDA6BAAEBE}.Debug|Any CPU.Build.0 = Debug|Any CPU
		{FE0D5AD4-B11F-2EC4-B08D-49FDA6BAAEBE}.Release|Any CPU.ActiveCfg = Release|Any CPU
		{FE0D5AD4-B11F-2EC4-B08D-49FDA6BAAEBE}.Release|Any CPU.Build.0 = Release|Any CPU
		{8294B3DE-F467-B3CF-41B6-0464B24876C9}.Debug|Any CPU.ActiveCfg = Debug|Any CPU
		{8294B3DE-F467-B3CF-41B6-0464B24876C9}.Debug|Any CPU.Build.0 = Debug|Any CPU
		{8294B3DE-F467-B3CF-41B6-0464B24876C9}.Release|Any CPU.ActiveCfg = Release|Any CPU
		{8294B3DE-F467-B3CF-41B6-0464B24876C9}.Release|Any CPU.Build.0 = Release|Any CPU
		{5FEC4B7A-29E5-3F89-5CD6-2C69604BFD0E}.Debug|Any CPU.ActiveCfg = Debug|Any CPU
		{5FEC4B7A-29E5-3F89-5CD6-2C69604BFD0E}.Debug|Any CPU.Build.0 = Debug|Any CPU
		{5FEC4B7A-29E5-3F89-5CD6-2C69604BFD0E}.Release|Any CPU.ActiveCfg = Release|Any CPU
		{5FEC4B7A-29E5-3F89-5CD6-2C69604BFD0E}.Release|Any CPU.Build.0 = Release|Any CPU
		{A71EC855-F854-114B-DECB-2BA8CE831942}.Debug|Any CPU.ActiveCfg = Debug|Any CPU
		{A71EC855-F854-114B-DECB-2BA8CE831942}.Debug|Any CPU.Build.0 = Debug|Any CPU
		{A71EC855-F854-114B-DECB-2BA8CE831942}.Release|Any CPU.ActiveCfg = Release|Any CPU
		{A71EC855-F854-114B-DECB-2BA8CE831942}.Release|Any CPU.Build.0 = Release|Any CPU
		{571C30F1-44C5-741D-9F5A-9651B104A4BA}.Debug|Any CPU.ActiveCfg = Debug|Any CPU
		{571C30F1-44C5-741D-9F5A-9651B104A4BA}.Debug|Any CPU.Build.0 = Debug|Any CPU
		{571C30F1-44C5-741D-9F5A-9651B104A4BA}.Release|Any CPU.ActiveCfg = Release|Any CPU
		{571C30F1-44C5-741D-9F5A-9651B104A4BA}.Release|Any CPU.Build.0 = Release|Any CPU
		{DCB85BED-D4DD-3485-EFB9-AC7EA91C2E94}.Debug|Any CPU.ActiveCfg = Debug|Any CPU
		{DCB85BED-D4DD-3485-EFB9-AC7EA91C2E94}.Debug|Any CPU.Build.0 = Debug|Any CPU
		{DCB85BED-D4DD-3485-EFB9-AC7EA91C2E94}.Release|Any CPU.ActiveCfg = Release|Any CPU
		{DCB85BED-D4DD-3485-EFB9-AC7EA91C2E94}.Release|Any CPU.Build.0 = Release|Any CPU
		{8F992AF4-6B58-5F75-A68D-26B95BFC206E}.Debug|Any CPU.ActiveCfg = Debug|Any CPU
		{8F992AF4-6B58-5F75-A68D-26B95BFC206E}.Debug|Any CPU.Build.0 = Debug|Any CPU
		{8F992AF4-6B58-5F75-A68D-26B95BFC206E}.Release|Any CPU.ActiveCfg = Release|Any CPU
		{8F992AF4-6B58-5F75-A68D-26B95BFC206E}.Release|Any CPU.Build.0 = Release|Any CPU
		{115944FF-1F4D-ECBC-13C6-45BDEEF0CC6F}.Debug|Any CPU.ActiveCfg = Debug|Any CPU
		{115944FF-1F4D-ECBC-13C6-45BDEEF0CC6F}.Debug|Any CPU.Build.0 = Debug|Any CPU
		{115944FF-1F4D-ECBC-13C6-45BDEEF0CC6F}.Release|Any CPU.ActiveCfg = Release|Any CPU
		{115944FF-1F4D-ECBC-13C6-45BDEEF0CC6F}.Release|Any CPU.Build.0 = Release|Any CPU
		{158746B9-4D35-FCA8-E8E4-1B499F2E0374}.Debug|Any CPU.ActiveCfg = Debug|Any CPU
		{158746B9-4D35-FCA8-E8E4-1B499F2E0374}.Debug|Any CPU.Build.0 = Debug|Any CPU
		{158746B9-4D35-FCA8-E8E4-1B499F2E0374}.Release|Any CPU.ActiveCfg = Release|Any CPU
		{158746B9-4D35-FCA8-E8E4-1B499F2E0374}.Release|Any CPU.Build.0 = Release|Any CPU
		{FCFFEC2F-03DD-6D6E-30EB-7F1539DFC23D}.Debug|Any CPU.ActiveCfg = Debug|Any CPU
		{FCFFEC2F-03DD-6D6E-30EB-7F1539DFC23D}.Debug|Any CPU.Build.0 = Debug|Any CPU
		{FCFFEC2F-03DD-6D6E-30EB-7F1539DFC23D}.Release|Any CPU.ActiveCfg = Release|Any CPU
		{FCFFEC2F-03DD-6D6E-30EB-7F1539DFC23D}.Release|Any CPU.Build.0 = Release|Any CPU
		{96BF7A13-86AE-93E9-A840-ADAEA0CF655F}.Debug|Any CPU.ActiveCfg = Debug|Any CPU
		{96BF7A13-86AE-93E9-A840-ADAEA0CF655F}.Debug|Any CPU.Build.0 = Debug|Any CPU
		{96BF7A13-86AE-93E9-A840-ADAEA0CF655F}.Release|Any CPU.ActiveCfg = Release|Any CPU
		{96BF7A13-86AE-93E9-A840-ADAEA0CF655F}.Release|Any CPU.Build.0 = Release|Any CPU
		{9B018512-F2DF-E93A-481E-E7C5D12B023B}.Debug|Any CPU.ActiveCfg = Debug|Any CPU
		{9B018512-F2DF-E93A-481E-E7C5D12B023B}.Debug|Any CPU.Build.0 = Debug|Any CPU
		{9B018512-F2DF-E93A-481E-E7C5D12B023B}.Release|Any CPU.ActiveCfg = Release|Any CPU
		{9B018512-F2DF-E93A-481E-E7C5D12B023B}.Release|Any CPU.Build.0 = Release|Any CPU
	EndGlobalSection
	GlobalSection(SolutionProperties) = preSolution
		HideSolutionNode = FALSE
	EndGlobalSection
EndGlobal
